
Microsoft Visual Studio Solution File, Format Version 12.00
# Visual Studio Version 17
VisualStudioVersion = 17.8.34511.84
MinimumVisualStudioVersion = 10.0.40219.1
Project("{FAE04EC0-301F-11D3-BF4B-00C04F79EFBC}") = "Balburdia", "Balburdia\Balburdia.csproj", "{8CACB530-F872-40D5-A164-545C036BED0C}"
EndProject
Global
	GlobalSection(SolutionConfigurationPlatforms) = preSolution
		Debug|Any CPU = Debug|Any CPU
		Release|Any CPU = Release|Any CPU
	EndGlobalSection
	GlobalSection(ProjectConfigurationPlatforms) = postSolution
		{8CACB530-F872-40D5-A164-545C036BED0C}.Debug|Any CPU.ActiveCfg = Debug|Any CPU
		{8CACB530-F872-40D5-A164-545C036BED0C}.Debug|Any CPU.Build.0 = Debug|Any CPU
		{8CACB530-F872-40D5-A164-545C036BED0C}.Release|Any CPU.ActiveCfg = Release|Any CPU
		{8CACB530-F872-40D5-A164-545C036BED0C}.Release|Any CPU.Build.0 = Release|Any CPU
	EndGlobalSection
	GlobalSection(SolutionProperties) = preSolution
		HideSolutionNode = FALSE
	EndGlobalSection
	GlobalSection(ExtensibilityGlobals) = postSolution
		SolutionGuid = {83FDBEB8-84C7-4F47-9BC0-678FB4EAE6AB}
	EndGlobalSection
EndGlobal
